
Microsoft Visual Studio Solution File, Format Version 12.00
# Visual Studio 15
VisualStudioVersion = 15.0.27421.1
MinimumVisualStudioVersion = 10.0.40219.1
Project("{A07B5EB6-E848-4116-A8D0-A826331D98C6}") = "MicroWishApplication", "MicroWishApplication\MicroWishApplication.sfproj", "{97AE0533-2AA7-4529-BC3B-41B59B5FA620}"
EndProject
Project("{2150E333-8FDC-42A3-9474-1A3956D46DE8}") = "Customer", "Customer", "{53613D16-46F3-47CA-8EB6-3236FA851F30}"
EndProject
Project("{2150E333-8FDC-42A3-9474-1A3956D46DE8}") = "Order", "Order", "{5173B33D-04B7-464A-8165-4E45A6CE72CE}"
EndProject
Project("{2150E333-8FDC-42A3-9474-1A3956D46DE8}") = "Vendor", "Vendor", "{6173512F-8706-4C90-9681-DE0E64E0D0A3}"
EndProject
Project("{2150E333-8FDC-42A3-9474-1A3956D46DE8}") = "Product", "Product", "{FC0B0A42-0B47-47C0-AB1D-9C557454C394}"
EndProject
Project("{2150E333-8FDC-42A3-9474-1A3956D46DE8}") = "Shop", "Shop", "{69EEC140-1AA3-45BD-8834-5BB6B6435ADA}"
EndProject
Project("{2150E333-8FDC-42A3-9474-1A3956D46DE8}") = "Common", "Common", "{420EC2A2-2228-489B-AD12-CE0FB1A7C75D}"
EndProject
Project("{FAE04EC0-301F-11D3-BF4B-00C04F79EFBC}") = "MicroWish.Common", "Common\MicroWish.Common\MicroWish.Common.csproj", "{D8D2DA63-2DED-458F-BA80-11DDD028C4ED}"
EndProject
Project("{FAE04EC0-301F-11D3-BF4B-00C04F79EFBC}") = "MicroWish.Order.Contract", "Order\MicroWish.Order.Contract\MicroWish.Order.Contract.csproj", "{7AB019A8-C3AD-4049-97BD-B933EC0B6CEB}"
EndProject
Project("{9A19103F-16F7-4668-BE54-9A1E7A4F7556}") = "MicroWish.Shop.Web", "Shop\MicroWish.Shop.Web\MicroWish.Shop.Web.csproj", "{D1A0378D-35AF-4AFE-8F3E-AE6791EC20B7}"
EndProject
Project("{9A19103F-16F7-4668-BE54-9A1E7A4F7556}") = "MicroWish.Order.API", "Order\MicroWish.Order.API\MicroWish.Order.API.csproj", "{29D0A663-7AE9-4579-BEF4-3ADAEF9D368E}"
EndProject
Project("{FAE04EC0-301F-11D3-BF4B-00C04F79EFBC}") = "MicroWish.Customer.Contract", "Customer\MicroWish.Customer.Contract\MicroWish.Customer.Contract.csproj", "{09B65492-A232-4F62-87B7-25BCAB98D7D6}"
EndProject
Project("{FAE04EC0-301F-11D3-BF4B-00C04F79EFBC}") = "MicroWish.Customer.Business", "Customer\MicroWish.Customer.Business\MicroWish.Customer.Business.csproj", "{BC476C9F-F572-482E-9B29-72F7B263B70A}"
EndProject
Project("{FAE04EC0-301F-11D3-BF4B-00C04F79EFBC}") = "MicroWish.Customer.Service", "Customer\MicroWish.Customer.Service\MicroWish.Customer.Service.csproj", "{C78C02CF-397A-44BF-9D51-F6B55A5EC6FF}"
EndProject
Project("{FAE04EC0-301F-11D3-BF4B-00C04F79EFBC}") = "MicroWish.Order.Business", "Order\MicroWish.Order.Business\MicroWish.Order.Business.csproj", "{8319D362-D23D-4196-AA45-B47FB9298BA1}"
EndProject
Global
	GlobalSection(SolutionConfigurationPlatforms) = preSolution
		Debug|Any CPU = Debug|Any CPU
		Debug|x64 = Debug|x64
		Release|Any CPU = Release|Any CPU
		Release|x64 = Release|x64
	EndGlobalSection
	GlobalSection(ProjectConfigurationPlatforms) = postSolution
		{97AE0533-2AA7-4529-BC3B-41B59B5FA620}.Debug|Any CPU.ActiveCfg = Debug|x64
		{97AE0533-2AA7-4529-BC3B-41B59B5FA620}.Debug|x64.ActiveCfg = Debug|x64
		{97AE0533-2AA7-4529-BC3B-41B59B5FA620}.Debug|x64.Build.0 = Debug|x64
		{97AE0533-2AA7-4529-BC3B-41B59B5FA620}.Debug|x64.Deploy.0 = Debug|x64
		{97AE0533-2AA7-4529-BC3B-41B59B5FA620}.Release|Any CPU.ActiveCfg = Release|x64
		{97AE0533-2AA7-4529-BC3B-41B59B5FA620}.Release|x64.ActiveCfg = Release|x64
		{97AE0533-2AA7-4529-BC3B-41B59B5FA620}.Release|x64.Build.0 = Release|x64
		{97AE0533-2AA7-4529-BC3B-41B59B5FA620}.Release|x64.Deploy.0 = Release|x64
		{D8D2DA63-2DED-458F-BA80-11DDD028C4ED}.Debug|Any CPU.ActiveCfg = Debug|Any CPU
		{D8D2DA63-2DED-458F-BA80-11DDD028C4ED}.Debug|Any CPU.Build.0 = Debug|Any CPU
		{D8D2DA63-2DED-458F-BA80-11DDD028C4ED}.Debug|x64.ActiveCfg = Debug|Any CPU
		{D8D2DA63-2DED-458F-BA80-11DDD028C4ED}.Debug|x64.Build.0 = Debug|Any CPU
		{D8D2DA63-2DED-458F-BA80-11DDD028C4ED}.Release|Any CPU.ActiveCfg = Release|Any CPU
		{D8D2DA63-2DED-458F-BA80-11DDD028C4ED}.Release|Any CPU.Build.0 = Release|Any CPU
		{D8D2DA63-2DED-458F-BA80-11DDD028C4ED}.Release|x64.ActiveCfg = Release|Any CPU
		{D8D2DA63-2DED-458F-BA80-11DDD028C4ED}.Release|x64.Build.0 = Release|Any CPU
		{7AB019A8-C3AD-4049-97BD-B933EC0B6CEB}.Debug|Any CPU.ActiveCfg = Debug|Any CPU
		{7AB019A8-C3AD-4049-97BD-B933EC0B6CEB}.Debug|Any CPU.Build.0 = Debug|Any CPU
		{7AB019A8-C3AD-4049-97BD-B933EC0B6CEB}.Debug|x64.ActiveCfg = Debug|Any CPU
		{7AB019A8-C3AD-4049-97BD-B933EC0B6CEB}.Debug|x64.Build.0 = Debug|Any CPU
		{7AB019A8-C3AD-4049-97BD-B933EC0B6CEB}.Release|Any CPU.ActiveCfg = Release|Any CPU
		{7AB019A8-C3AD-4049-97BD-B933EC0B6CEB}.Release|Any CPU.Build.0 = Release|Any CPU
		{7AB019A8-C3AD-4049-97BD-B933EC0B6CEB}.Release|x64.ActiveCfg = Release|Any CPU
		{7AB019A8-C3AD-4049-97BD-B933EC0B6CEB}.Release|x64.Build.0 = Release|Any CPU
		{D1A0378D-35AF-4AFE-8F3E-AE6791EC20B7}.Debug|Any CPU.ActiveCfg = Debug|Any CPU
		{D1A0378D-35AF-4AFE-8F3E-AE6791EC20B7}.Debug|Any CPU.Build.0 = Debug|Any CPU
		{D1A0378D-35AF-4AFE-8F3E-AE6791EC20B7}.Debug|x64.ActiveCfg = Debug|Any CPU
		{D1A0378D-35AF-4AFE-8F3E-AE6791EC20B7}.Debug|x64.Build.0 = Debug|Any CPU
		{D1A0378D-35AF-4AFE-8F3E-AE6791EC20B7}.Release|Any CPU.ActiveCfg = Release|Any CPU
		{D1A0378D-35AF-4AFE-8F3E-AE6791EC20B7}.Release|Any CPU.Build.0 = Release|Any CPU
		{D1A0378D-35AF-4AFE-8F3E-AE6791EC20B7}.Release|x64.ActiveCfg = Release|Any CPU
		{D1A0378D-35AF-4AFE-8F3E-AE6791EC20B7}.Release|x64.Build.0 = Release|Any CPU
		{29D0A663-7AE9-4579-BEF4-3ADAEF9D368E}.Debug|Any CPU.ActiveCfg = Debug|Any CPU
		{29D0A663-7AE9-4579-BEF4-3ADAEF9D368E}.Debug|Any CPU.Build.0 = Debug|Any CPU
		{29D0A663-7AE9-4579-BEF4-3ADAEF9D368E}.Debug|x64.ActiveCfg = Debug|Any CPU
		{29D0A663-7AE9-4579-BEF4-3ADAEF9D368E}.Debug|x64.Build.0 = Debug|Any CPU
		{29D0A663-7AE9-4579-BEF4-3ADAEF9D368E}.Release|Any CPU.ActiveCfg = Release|Any CPU
		{29D0A663-7AE9-4579-BEF4-3ADAEF9D368E}.Release|Any CPU.Build.0 = Release|Any CPU
		{29D0A663-7AE9-4579-BEF4-3ADAEF9D368E}.Release|x64.ActiveCfg = Release|Any CPU
		{29D0A663-7AE9-4579-BEF4-3ADAEF9D368E}.Release|x64.Build.0 = Release|Any CPU
		{09B65492-A232-4F62-87B7-25BCAB98D7D6}.Debug|Any CPU.ActiveCfg = Debug|Any CPU
		{09B65492-A232-4F62-87B7-25BCAB98D7D6}.Debug|Any CPU.Build.0 = Debug|Any CPU
		{09B65492-A232-4F62-87B7-25BCAB98D7D6}.Debug|x64.ActiveCfg = Debug|Any CPU
		{09B65492-A232-4F62-87B7-25BCAB98D7D6}.Debug|x64.Build.0 = Debug|Any CPU
		{09B65492-A232-4F62-87B7-25BCAB98D7D6}.Release|Any CPU.ActiveCfg = Release|Any CPU
		{09B65492-A232-4F62-87B7-25BCAB98D7D6}.Release|Any CPU.Build.0 = Release|Any CPU
		{09B65492-A232-4F62-87B7-25BCAB98D7D6}.Release|x64.ActiveCfg = Release|Any CPU
		{09B65492-A232-4F62-87B7-25BCAB98D7D6}.Release|x64.Build.0 = Release|Any CPU
		{BC476C9F-F572-482E-9B29-72F7B263B70A}.Debug|Any CPU.ActiveCfg = Debug|Any CPU
		{BC476C9F-F572-482E-9B29-72F7B263B70A}.Debug|Any CPU.Build.0 = Debug|Any CPU
		{BC476C9F-F572-482E-9B29-72F7B263B70A}.Debug|x64.ActiveCfg = Debug|Any CPU
		{BC476C9F-F572-482E-9B29-72F7B263B70A}.Debug|x64.Build.0 = Debug|Any CPU
		{BC476C9F-F572-482E-9B29-72F7B263B70A}.Release|Any CPU.ActiveCfg = Release|Any CPU
		{BC476C9F-F572-482E-9B29-72F7B263B70A}.Release|Any CPU.Build.0 = Release|Any CPU
		{BC476C9F-F572-482E-9B29-72F7B263B70A}.Release|x64.ActiveCfg = Release|Any CPU
		{BC476C9F-F572-482E-9B29-72F7B263B70A}.Release|x64.Build.0 = Release|Any CPU
		{C78C02CF-397A-44BF-9D51-F6B55A5EC6FF}.Debug|Any CPU.ActiveCfg = Debug|x64
		{C78C02CF-397A-44BF-9D51-F6B55A5EC6FF}.Debug|x64.ActiveCfg = Debug|x64
		{C78C02CF-397A-44BF-9D51-F6B55A5EC6FF}.Debug|x64.Build.0 = Debug|x64
		{C78C02CF-397A-44BF-9D51-F6B55A5EC6FF}.Release|Any CPU.ActiveCfg = Release|x64
		{C78C02CF-397A-44BF-9D51-F6B55A5EC6FF}.Release|x64.ActiveCfg = Release|x64
		{C78C02CF-397A-44BF-9D51-F6B55A5EC6FF}.Release|x64.Build.0 = Release|x64
		{8319D362-D23D-4196-AA45-B47FB9298BA1}.Debug|Any CPU.ActiveCfg = Debug|Any CPU
		{8319D362-D23D-4196-AA45-B47FB9298BA1}.Debug|Any CPU.Build.0 = Debug|Any CPU
		{8319D362-D23D-4196-AA45-B47FB9298BA1}.Debug|x64.ActiveCfg = Debug|Any CPU
		{8319D362-D23D-4196-AA45-B47FB9298BA1}.Debug|x64.Build.0 = Debug|Any CPU
		{8319D362-D23D-4196-AA45-B47FB9298BA1}.Release|Any CPU.ActiveCfg = Release|Any CPU
		{8319D362-D23D-4196-AA45-B47FB9298BA1}.Release|Any CPU.Build.0 = Release|Any CPU
		{8319D362-D23D-4196-AA45-B47FB9298BA1}.Release|x64.ActiveCfg = Release|Any CPU
		{8319D362-D23D-4196-AA45-B47FB9298BA1}.Release|x64.Build.0 = Release|Any CPU
	EndGlobalSection
	GlobalSection(SolutionProperties) = preSolution
		HideSolutionNode = FALSE
	EndGlobalSection
	GlobalSection(NestedProjects) = preSolution
		{D8D2DA63-2DED-458F-BA80-11DDD028C4ED} = {420EC2A2-2228-489B-AD12-CE0FB1A7C75D}
		{7AB019A8-C3AD-4049-97BD-B933EC0B6CEB} = {5173B33D-04B7-464A-8165-4E45A6CE72CE}
		{D1A0378D-35AF-4AFE-8F3E-AE6791EC20B7} = {69EEC140-1AA3-45BD-8834-5BB6B6435ADA}
		{29D0A663-7AE9-4579-BEF4-3ADAEF9D368E} = {5173B33D-04B7-464A-8165-4E45A6CE72CE}
		{09B65492-A232-4F62-87B7-25BCAB98D7D6} = {53613D16-46F3-47CA-8EB6-3236FA851F30}
		{BC476C9F-F572-482E-9B29-72F7B263B70A} = {53613D16-46F3-47CA-8EB6-3236FA851F30}
		{C78C02CF-397A-44BF-9D51-F6B55A5EC6FF} = {53613D16-46F3-47CA-8EB6-3236FA851F30}
		{8319D362-D23D-4196-AA45-B47FB9298BA1} = {5173B33D-04B7-464A-8165-4E45A6CE72CE}
	EndGlobalSection
	GlobalSection(ExtensibilityGlobals) = postSolution
		SolutionGuid = {3C7124BB-DF2A-42BE-9CBE-2032D8789707}
	EndGlobalSection
EndGlobal
